
Microsoft Visual Studio Solution File, Format Version 12.00
# Visual Studio Version 17
VisualStudioVersion = 17.9.34616.47
MinimumVisualStudioVersion = 10.0.40219.1
Project("{9A19103F-16F7-4668-BE54-9A1E7A4F7556}") = "BulkyBookWeb", "BulkyWeb\BulkyBookWeb.csproj", "{42B9B860-63D8-4BE9-9455-30573AACCC67}"
EndProject
Project("{9A19103F-16F7-4668-BE54-9A1E7A4F7556}") = "BulkyBook.DataAccess", "Bulky.DataAccess\BulkyBook.DataAccess.csproj", "{123E0852-32BC-4F2C-A470-42181C9E8909}"
EndProject
Project("{9A19103F-16F7-4668-BE54-9A1E7A4F7556}") = "BulkyBook.Models", "Bulky.Models\BulkyBook.Models.csproj", "{0456D16C-8F53-4D57-90EF-2E76CB335ED4}"
EndProject
Project("{9A19103F-16F7-4668-BE54-9A1E7A4F7556}") = "BulkyBook.Utility", "Bulky.Utility\BulkyBook.Utility.csproj", "{C8BFFFDD-582F-4787-BE1A-DD3B44BD27B0}"
EndProject
Global
	GlobalSection(SolutionConfigurationPlatforms) = preSolution
		Debug|Any CPU = Debug|Any CPU
		Release|Any CPU = Release|Any CPU
	EndGlobalSection
	GlobalSection(ProjectConfigurationPlatforms) = postSolution
		{42B9B860-63D8-4BE9-9455-30573AACCC67}.Debug|Any CPU.ActiveCfg = Debug|Any CPU
		{42B9B860-63D8-4BE9-9455-30573AACCC67}.Debug|Any CPU.Build.0 = Debug|Any CPU
		{42B9B860-63D8-4BE9-9455-30573AACCC67}.Release|Any CPU.ActiveCfg = Release|Any CPU
		{42B9B860-63D8-4BE9-9455-30573AACCC67}.Release|Any CPU.Build.0 = Release|Any CPU
		{123E0852-32BC-4F2C-A470-42181C9E8909}.Debug|Any CPU.ActiveCfg = Debug|Any CPU
		{123E0852-32BC-4F2C-A470-42181C9E8909}.Debug|Any CPU.Build.0 = Debug|Any CPU
		{123E0852-32BC-4F2C-A470-42181C9E8909}.Release|Any CPU.ActiveCfg = Release|Any CPU
		{123E0852-32BC-4F2C-A470-42181C9E8909}.Release|Any CPU.Build.0 = Release|Any CPU
		{0456D16C-8F53-4D57-90EF-2E76CB335ED4}.Debug|Any CPU.ActiveCfg = Debug|Any CPU
		{0456D16C-8F53-4D57-90EF-2E76CB335ED4}.Debug|Any CPU.Build.0 = Debug|Any CPU
		{0456D16C-8F53-4D57-90EF-2E76CB335ED4}.Release|Any CPU.ActiveCfg = Release|Any CPU
		{0456D16C-8F53-4D57-90EF-2E76CB335ED4}.Release|Any CPU.Build.0 = Release|Any CPU
		{C8BFFFDD-582F-4787-BE1A-DD3B44BD27B0}.Debug|Any CPU.ActiveCfg = Debug|Any CPU
		{C8BFFFDD-582F-4787-BE1A-DD3B44BD27B0}.Debug|Any CPU.Build.0 = Debug|Any CPU
		{C8BFFFDD-582F-4787-BE1A-DD3B44BD27B0}.Release|Any CPU.ActiveCfg = Release|Any CPU
		{C8BFFFDD-582F-4787-BE1A-DD3B44BD27B0}.Release|Any CPU.Build.0 = Release|Any CPU
	EndGlobalSection
	GlobalSection(SolutionProperties) = preSolution
		HideSolutionNode = FALSE
	EndGlobalSection
	GlobalSection(ExtensibilityGlobals) = postSolution
		SolutionGuid = {1DC2701E-3881-48F9-9E64-8BBE9DC38B08}
	EndGlobalSection
EndGlobal
